<?xml version="1.0" encoding="utf-8"?>
<Project ToolsVersion="4.0" xmlns="http://schemas.microsoft.com/developer/msbuild/2003">
  <ItemGroup>
    <Filter Include="Source Files">
      <UniqueIdentifier>{4FC737F1-C7A5-4376-A066-2A32D752A2FF}</UniqueIdentifier>
      <Extensions>cpp;c;cc;cxx;def;odl;idl;hpj;bat;asm;asmx</Extensions>
    </Filter>
    <Filter Include="Header Files">
      <UniqueIdentifier>{93995380-89BD-4b04-88EB-625FBE52EBFB}</UniqueIdentifier>
      <Extensions>h;hh;hpp;hxx;hm;inl;inc;xsd</Extensions>
    </Filter>
    <Filter Include="Resource Files">
      <UniqueIdentifier>{67DA6AB6-F800-4c08-8B7A-83BB121AAD01}</UniqueIdentifier>
      <Extensions>rc;ico;cur;bmp;dlg;rc2;rct;bin;rgs;gif;jpg;jpeg;jpe;resx;tiff;tif;png;wav</Extensions>
    </Filter>
  </ItemGroup>
  <ItemGroup>
    <ClCompile Include="src\bdir.cpp">
      <Filter>Source Files</Filter>
    </ClCompile>
    <ClCompile Include="src\bposixthreadimp.cpp">
      <Filter>Source Files</Filter>
    </ClCompile>
    <ClCompile Include="src\btexture.cpp">
      <Filter>Source Files</Filter>
    </ClCompile>
    <ClCompile Include="src\bthread.cpp">
      <Filter>Source Files</Filter>
    </ClCompile>
    <ClCompile Include="src\bthreadfactory.cpp">
      <Filter>Source Files</Filter>
    </ClCompile>
    <ClCompile Include="src\bthreadimp.cpp">
      <Filter>Source Files</Filter>
    </ClCompile>
    <ClCompile Include="src\btime.cpp">
      <Filter>Source Files</Filter>
    </ClCompile>
    <ClCompile Include="src\bwin32threadimp.cpp">
      <Filter>Source Files</Filter>
    </ClCompile>
    <ClCompile Include="src\Kamera.cpp">
      <Filter>Source Files</Filter>
    </ClCompile>
    <ClCompile Include="src\KhunPhan.cpp">
      <Filter>Source Files</Filter>
    </ClCompile>
    <ClCompile Include="src\kpboard.cpp">
      <Filter>Source Files</Filter>
    </ClCompile>
    <ClCompile Include="src\kpboardGL.cpp">
      <Filter>Source Files</Filter>
    </ClCompile>
    <ClCompile Include="src\kpconfig.cpp">
      <Filter>Source Files</Filter>
    </ClCompile>
    <ClCompile Include="src\kpglutuserinterface.cpp">
      <Filter>Source Files</Filter>
    </ClCompile>
    <ClCompile Include="src\kpidhash.cpp">
      <Filter>Source Files</Filter>
    </ClCompile>
    <ClCompile Include="src\kpmenu.cpp">
      <Filter>Source Files</Filter>
    </ClCompile>
    <ClCompile Include="src\kpnode.cpp">
      <Filter>Source Files</Filter>
    </ClCompile>
    <ClCompile Include="src\kpprogressbar.cpp">
      <Filter>Source Files</Filter>
    </ClCompile>
    <ClCompile Include="src\kpscore.cpp">
      <Filter>Source Files</Filter>
    </ClCompile>
    <ClCompile Include="src\kpsdl2userinterface.cpp">
      <Filter>Source Files</Filter>
    </ClCompile>
    <ClCompile Include="src\kpsdluserinterface.cpp">
      <Filter>Source Files</Filter>
    </ClCompile>
    <ClCompile Include="src\kpstate.cpp">
      <Filter>Source Files</Filter>
    </ClCompile>
    <ClCompile Include="src\kpstateaudiosettings.cpp">
      <Filter>Source Files</Filter>
    </ClCompile>
    <ClCompile Include="src\kpstatecontrolsettings.cpp">
      <Filter>Source Files</Filter>
    </ClCompile>
    <ClCompile Include="src\kpstatefactory.cpp">
      <Filter>Source Files</Filter>
    </ClCompile>
    <ClCompile Include="src\kpstatefinish.cpp">
      <Filter>Source Files</Filter>
    </ClCompile>
    <ClCompile Include="src\kpstategame.cpp">
      <Filter>Source Files</Filter>
    </ClCompile>
    <ClCompile Include="src\kpstategamesolved.cpp">
      <Filter>Source Files</Filter>
    </ClCompile>
    <ClCompile Include="src\kpstategraphichint.cpp">
      <Filter>Source Files</Filter>
    </ClCompile>
    <ClCompile Include="src\kpstategraphicsettings.cpp">
      <Filter>Source Files</Filter>
    </ClCompile>
    <ClCompile Include="src\kpstatekeyboardhelp.cpp">
      <Filter>Source Files</Filter>
    </ClCompile>
    <ClCompile Include="src\kpstatelighttest.cpp">
      <Filter>Source Files</Filter>
    </ClCompile>
    <ClCompile Include="src\kpstatemeinmenu.cpp">
      <Filter>Source Files</Filter>
    </ClCompile>
    <ClCompile Include="src\kpstatemovetoken.cpp">
      <Filter>Source Files</Filter>
    </ClCompile>
    <ClCompile Include="src\kpstatescorelist.cpp">
      <Filter>Source Files</Filter>
    </ClCompile>
    <ClCompile Include="src\kpstateselectlanguage.cpp">
      <Filter>Source Files</Filter>
    </ClCompile>
    <ClCompile Include="src\kpstatesettings.cpp">
      <Filter>Source Files</Filter>
    </ClCompile>
    <ClCompile Include="src\kpstatestartup.cpp">
      <Filter>Source Files</Filter>
    </ClCompile>
    <ClCompile Include="src\kpstatetutorial1.cpp">
      <Filter>Source Files</Filter>
    </ClCompile>
    <ClCompile Include="src\kpstatetutorial2.cpp">
      <Filter>Source Files</Filter>
    </ClCompile>
    <ClCompile Include="src\kpstatetutorial3.cpp">
      <Filter>Source Files</Filter>
    </ClCompile>
    <ClCompile Include="src\kpstatetutorial4.cpp">
      <Filter>Source Files</Filter>
    </ClCompile>
    <ClCompile Include="src\kpstatistics.cpp">
      <Filter>Source Files</Filter>
    </ClCompile>
    <ClCompile Include="src\kpthreadsolvecount.cpp">
      <Filter>Source Files</Filter>
    </ClCompile>
    <ClCompile Include="src\kpuibase.cpp">
      <Filter>Source Files</Filter>
    </ClCompile>
    <ClCompile Include="src\light.cpp">
      <Filter>Source Files</Filter>
    </ClCompile>
    <ClCompile Include="src\main.cpp">
      <Filter>Source Files</Filter>
    </ClCompile>
    <ClCompile Include="src\misc1.cpp">
      <Filter>Source Files</Filter>
    </ClCompile>
    <ClCompile Include="src\Schild.cpp">
      <Filter>Source Files</Filter>
    </ClCompile>
    <ClCompile Include="src\Textfeld.cpp">
      <Filter>Source Files</Filter>
    </ClCompile>
    <ClCompile Include="src\sprinter.cpp">
      <Filter>Source Files</Filter>
    </ClCompile>
  </ItemGroup>
  <ItemGroup>
    <ClInclude Include="src\bdelete.h">
      <Filter>Header Files</Filter>
    </ClInclude>
    <ClInclude Include="src\bdir.h">
      <Filter>Header Files</Filter>
    </ClInclude>
    <ClInclude Include="src\bposixthreadimp.h">
      <Filter>Header Files</Filter>
    </ClInclude>
    <ClInclude Include="src\bsingle.h">
      <Filter>Header Files</Filter>
    </ClInclude>
    <ClInclude Include="src\btexture.h">
      <Filter>Header Files</Filter>
    </ClInclude>
    <ClInclude Include="src\bthread.h">
      <Filter>Header Files</Filter>
    </ClInclude>
    <ClInclude Include="src\bthreadfactory.h">
      <Filter>Header Files</Filter>
    </ClInclude>
    <ClInclude Include="src\bthreadimp.h">
      <Filter>Header Files</Filter>
    </ClInclude>
    <ClInclude Include="src\btime.h">
      <Filter>Header Files</Filter>
    </ClInclude>
    <ClInclude Include="src\bwin32threadimp.h">
      <Filter>Header Files</Filter>
    </ClInclude>
    <ClInclude Include="src\confdefs.h">
      <Filter>Header Files</Filter>
    </ClInclude>
    <ClInclude Include="src\Kamera.h">
      <Filter>Header Files</Filter>
    </ClInclude>
    <ClInclude Include="src\KhunPhan.h">
      <Filter>Header Files</Filter>
    </ClInclude>
    <ClInclude Include="src\kpboard.h">
      <Filter>Header Files</Filter>
    </ClInclude>
    <ClInclude Include="src\kpboardGL.h">
      <Filter>Header Files</Filter>
    </ClInclude>
    <ClInclude Include="src\kpconfig.h">
      <Filter>Header Files</Filter>
    </ClInclude>
    <ClInclude Include="src\kpglutuserinterface.h">
      <Filter>Header Files</Filter>
    </ClInclude>
    <ClInclude Include="src\kpidhash.h">
      <Filter>Header Files</Filter>
    </ClInclude>
    <ClInclude Include="src\kpmenu.h">
      <Filter>Header Files</Filter>
    </ClInclude>
    <ClInclude Include="src\kpnode.h">
      <Filter>Header Files</Filter>
    </ClInclude>
    <ClInclude Include="src\kpprogressbar.h">
      <Filter>Header Files</Filter>
    </ClInclude>
    <ClInclude Include="src\kpscore.h">
      <Filter>Header Files</Filter>
    </ClInclude>
    <ClInclude Include="src\kpsdl2userinterface.h">
      <Filter>Header Files</Filter>
    </ClInclude>
    <ClInclude Include="src\kpsdluserinterface.h">
      <Filter>Header Files</Filter>
    </ClInclude>
    <ClInclude Include="src\kpstate.h">
      <Filter>Header Files</Filter>
    </ClInclude>
    <ClInclude Include="src\kpstateaudiosettings.h">
      <Filter>Header Files</Filter>
    </ClInclude>
    <ClInclude Include="src\KPstateContext.h">
      <Filter>Header Files</Filter>
    </ClInclude>
    <ClInclude Include="src\kpstatecontrolsettings.h">
      <Filter>Header Files</Filter>
    </ClInclude>
    <ClInclude Include="src\kpstatefactory.h">
      <Filter>Header Files</Filter>
    </ClInclude>
    <ClInclude Include="src\kpstatefinish.h">
      <Filter>Header Files</Filter>
    </ClInclude>
    <ClInclude Include="src\kpstategame.h">
      <Filter>Header Files</Filter>
    </ClInclude>
    <ClInclude Include="src\kpstategamesolved.h">
      <Filter>Header Files</Filter>
    </ClInclude>
    <ClInclude Include="src\kpstategraphichint.h">
      <Filter>Header Files</Filter>
    </ClInclude>
    <ClInclude Include="src\kpstategraphicsettings.h">
      <Filter>Header Files</Filter>
    </ClInclude>
    <ClInclude Include="src\kpstatekeyboardhelp.h">
      <Filter>Header Files</Filter>
    </ClInclude>
    <ClInclude Include="src\kpstatelighttest.h">
      <Filter>Header Files</Filter>
    </ClInclude>
    <ClInclude Include="src\kpstatemeinmenu.h">
      <Filter>Header Files</Filter>
    </ClInclude>
    <ClInclude Include="src\kpstatemovetoken.h">
      <Filter>Header Files</Filter>
    </ClInclude>
    <ClInclude Include="src\kpstatescorelist.h">
      <Filter>Header Files</Filter>
    </ClInclude>
    <ClInclude Include="src\kpstateselectlanguage.h">
      <Filter>Header Files</Filter>
    </ClInclude>
    <ClInclude Include="src\kpstatesettings.h">
      <Filter>Header Files</Filter>
    </ClInclude>
    <ClInclude Include="src\kpstatestartup.h">
      <Filter>Header Files</Filter>
    </ClInclude>
    <ClInclude Include="src\kpstatetutorial1.h">
      <Filter>Header Files</Filter>
    </ClInclude>
    <ClInclude Include="src\kpstatetutorial2.h">
      <Filter>Header Files</Filter>
    </ClInclude>
    <ClInclude Include="src\kpstatetutorial3.h">
      <Filter>Header Files</Filter>
    </ClInclude>
    <ClInclude Include="src\kpstatetutorial4.h">
      <Filter>Header Files</Filter>
    </ClInclude>
    <ClInclude Include="src\kpstatistics.h">
      <Filter>Header Files</Filter>
    </ClInclude>
    <ClInclude Include="src\kpthreadsolvecount.h">
      <Filter>Header Files</Filter>
    </ClInclude>
    <ClInclude Include="src\KPtime.h">
      <Filter>Header Files</Filter>
    </ClInclude>
    <ClInclude Include="src\kpuibase.h">
      <Filter>Header Files</Filter>
    </ClInclude>
    <ClInclude Include="src\light.h">
      <Filter>Header Files</Filter>
    </ClInclude>
    <ClInclude Include="src\misc1.h">
      <Filter>Header Files</Filter>
    </ClInclude>
    <ClInclude Include="src\resource.h">
      <Filter>Header Files</Filter>
    </ClInclude>
    <ClInclude Include="src\Schild.h">
      <Filter>Header Files</Filter>
    </ClInclude>
    <ClInclude Include="src\sprache.h">
      <Filter>Header Files</Filter>
    </ClInclude>
    <ClInclude Include="src\Textfeld.h">
      <Filter>Header Files</Filter>
    </ClInclude>
    <ClInclude Include="src\sprinter.h">
      <Filter>Header Files</Filter>
    </ClInclude>
  </ItemGroup>
  <ItemGroup>
    <ResourceCompile Include="src\KhunPhan.rc">
      <Filter>Resource Files</Filter>
    </ResourceCompile>
  </ItemGroup>
</Project>